
Microsoft Visual Studio Solution File, Format Version 12.00
# Visual Studio 14
VisualStudioVersion = 14.0.23107.0
MinimumVisualStudioVersion = 10.0.40219.1
Project("{FAE04EC0-301F-11D3-BF4B-00C04F79EFBC}") = "PrimeNumberTester", "PrimeNumberTester\PrimeNumberTester.csproj", "{0B0F21C2-7722-4E15-B37A-180CB58DFD21}"
EndProject
Project("{FAE04EC0-301F-11D3-BF4B-00C04F79EFBC}") = "ConsoleApplication1", "ConsoleApplication1\ConsoleApplication1.csproj", "{4F48D2DA-B9C2-4CEA-B21F-6D06F60DADA7}"
EndProject
Global
	GlobalSection(SolutionConfigurationPlatforms) = preSolution
		Debug|Any CPU = Debug|Any CPU
		Release|Any CPU = Release|Any CPU
	EndGlobalSection
	GlobalSection(ProjectConfigurationPlatforms) = postSolution
		{0B0F21C2-7722-4E15-B37A-180CB58DFD21}.Debug|Any CPU.ActiveCfg = Debug|Any CPU
		{0B0F21C2-7722-4E15-B37A-180CB58DFD21}.Debug|Any CPU.Build.0 = Debug|Any CPU
		{0B0F21C2-7722-4E15-B37A-180CB58DFD21}.Release|Any CPU.ActiveCfg = Release|Any CPU
		{0B0F21C2-7722-4E15-B37A-180CB58DFD21}.Release|Any CPU.Build.0 = Release|Any CPU
		{4F48D2DA-B9C2-4CEA-B21F-6D06F60DADA7}.Debug|Any CPU.ActiveCfg = Debug|Any CPU
		{4F48D2DA-B9C2-4CEA-B21F-6D06F60DADA7}.Debug|Any CPU.Build.0 = Debug|Any CPU
		{4F48D2DA-B9C2-4CEA-B21F-6D06F60DADA7}.Release|Any CPU.ActiveCfg = Release|Any CPU
		{4F48D2DA-B9C2-4CEA-B21F-6D06F60DADA7}.Release|Any CPU.Build.0 = Release|Any CPU
	EndGlobalSection
	GlobalSection(SolutionProperties) = preSolution
		HideSolutionNode = FALSE
	EndGlobalSection
EndGlobal
